
Microsoft Visual Studio Solution File, Format Version 12.00
# Visual Studio Version 17
VisualStudioVersion = 17.2.32630.192
MinimumVisualStudioVersion = 10.0.40219.1
Project("{2150E333-8FDC-42A3-9474-1A3956D46DE8}") = ".Net5-Csharp9", ".Net5-Csharp9", "{7A44D6A3-A4F9-4C55-A637-E95F7E9FDE7E}"
EndProject
Project("{2150E333-8FDC-42A3-9474-1A3956D46DE8}") = ".Net6-Csharp10", ".Net6-Csharp10", "{C4D35E11-BC84-4C5D-9E6D-4427CB246A80}"
EndProject
Project("{9A19103F-16F7-4668-BE54-9A1E7A4F7556}") = "RecordStruct", "dotNet6-Csharp10\RecordStruct\RecordStruct.csproj", "{E19708EF-5D66-44B0-AA7B-61E6CC878531}"
EndProject
Project("{9A19103F-16F7-4668-BE54-9A1E7A4F7556}") = "GenericLamda", "dotNet5-Csharp9\GenericLamda\GenericLamda.csproj", "{2D0D9490-59FB-4B02-86DB-99575CCA3565}"
EndProject
Project("{9A19103F-16F7-4668-BE54-9A1E7A4F7556}") = "PatternMatchingAction", "dotNet5-Csharp9\PatternMatchingAction\PatternMatchingAction.csproj", "{7C846827-A45C-46A5-BAA3-E80D1B72DCD1}"
EndProject
Project("{9A19103F-16F7-4668-BE54-9A1E7A4F7556}") = "RecordLinqSort", "dotNet5-Csharp9\RecordLinqSort\RecordLinqSort.csproj", "{DFB4CFB0-2882-4857-962A-FFB87419236E}"
EndProject
Project("{9A19103F-16F7-4668-BE54-9A1E7A4F7556}") = "TableToJson", "dotNet5-Csharp9\TableToJson\TableToJson.csproj", "{B00586B3-42F6-4E7B-8128-554BB3D4DE2D}"
EndProject
Project("{9A19103F-16F7-4668-BE54-9A1E7A4F7556}") = "YieldWorkout", "dotNet5-Csharp9\YieldWorkout\YieldWorkout.csproj", "{A61DF15C-1D2B-4FBC-8D56-CC6561710253}"
EndProject
Project("{9A19103F-16F7-4668-BE54-9A1E7A4F7556}") = "DependencyInjection", "dotNet6-Csharp10\DependencyInjection\DependencyInjection.csproj", "{36CCBF99-004B-4F9A-AE42-512E68104CE6}"
EndProject
Project("{9A19103F-16F7-4668-BE54-9A1E7A4F7556}") = "MsDependencyInjection", "dotNet6-Csharp10\MsDependencyInjection\MsDependencyInjection.csproj", "{2473525B-5FCC-4E67-ADAE-BEA19A788B8E}"
EndProject
Project("{2150E333-8FDC-42A3-9474-1A3956D46DE8}") = "DesignPattern", "DesignPattern", "{95F5BD93-1827-41C0-9183-075BB754A273}"
EndProject
Project("{9A19103F-16F7-4668-BE54-9A1E7A4F7556}") = "Singelton", "Design-Pattern\Singelton\Singelton.csproj", "{89750F4E-548E-43EA-A31E-43A00CE63162}"
EndProject
Project("{9A19103F-16F7-4668-BE54-9A1E7A4F7556}") = "FactoryDesignPattern", "Design-Pattern\FactoryDesignPattern\FactoryDesignPattern\FactoryDesignPattern.csproj", "{3D1CB814-F124-4AB9-84BC-8B295C5C41EF}"
EndProject
Project("{FAE04EC0-301F-11D3-BF4B-00C04F79EFBC}") = "Observer", "Design-Pattern\Observer\Observer\Observer.csproj", "{37F90DB5-C541-4563-8DC1-63C1BCD61C87}"
EndProject
Global
	GlobalSection(SolutionConfigurationPlatforms) = preSolution
		Debug|Any CPU = Debug|Any CPU
		Release|Any CPU = Release|Any CPU
	EndGlobalSection
	GlobalSection(ProjectConfigurationPlatforms) = postSolution
		{E19708EF-5D66-44B0-AA7B-61E6CC878531}.Debug|Any CPU.ActiveCfg = Debug|Any CPU
		{E19708EF-5D66-44B0-AA7B-61E6CC878531}.Debug|Any CPU.Build.0 = Debug|Any CPU
		{E19708EF-5D66-44B0-AA7B-61E6CC878531}.Release|Any CPU.ActiveCfg = Release|Any CPU
		{E19708EF-5D66-44B0-AA7B-61E6CC878531}.Release|Any CPU.Build.0 = Release|Any CPU
		{2D0D9490-59FB-4B02-86DB-99575CCA3565}.Debug|Any CPU.ActiveCfg = Debug|Any CPU
		{2D0D9490-59FB-4B02-86DB-99575CCA3565}.Debug|Any CPU.Build.0 = Debug|Any CPU
		{2D0D9490-59FB-4B02-86DB-99575CCA3565}.Release|Any CPU.ActiveCfg = Release|Any CPU
		{2D0D9490-59FB-4B02-86DB-99575CCA3565}.Release|Any CPU.Build.0 = Release|Any CPU
		{7C846827-A45C-46A5-BAA3-E80D1B72DCD1}.Debug|Any CPU.ActiveCfg = Debug|Any CPU
		{7C846827-A45C-46A5-BAA3-E80D1B72DCD1}.Debug|Any CPU.Build.0 = Debug|Any CPU
		{7C846827-A45C-46A5-BAA3-E80D1B72DCD1}.Release|Any CPU.ActiveCfg = Release|Any CPU
		{7C846827-A45C-46A5-BAA3-E80D1B72DCD1}.Release|Any CPU.Build.0 = Release|Any CPU
		{DFB4CFB0-2882-4857-962A-FFB87419236E}.Debug|Any CPU.ActiveCfg = Debug|Any CPU
		{DFB4CFB0-2882-4857-962A-FFB87419236E}.Debug|Any CPU.Build.0 = Debug|Any CPU
		{DFB4CFB0-2882-4857-962A-FFB87419236E}.Release|Any CPU.ActiveCfg = Release|Any CPU
		{DFB4CFB0-2882-4857-962A-FFB87419236E}.Release|Any CPU.Build.0 = Release|Any CPU
		{B00586B3-42F6-4E7B-8128-554BB3D4DE2D}.Debug|Any CPU.ActiveCfg = Debug|Any CPU
		{B00586B3-42F6-4E7B-8128-554BB3D4DE2D}.Debug|Any CPU.Build.0 = Debug|Any CPU
		{B00586B3-42F6-4E7B-8128-554BB3D4DE2D}.Release|Any CPU.ActiveCfg = Release|Any CPU
		{B00586B3-42F6-4E7B-8128-554BB3D4DE2D}.Release|Any CPU.Build.0 = Release|Any CPU
		{A61DF15C-1D2B-4FBC-8D56-CC6561710253}.Debug|Any CPU.ActiveCfg = Debug|Any CPU
		{A61DF15C-1D2B-4FBC-8D56-CC6561710253}.Debug|Any CPU.Build.0 = Debug|Any CPU
		{A61DF15C-1D2B-4FBC-8D56-CC6561710253}.Release|Any CPU.ActiveCfg = Release|Any CPU
		{A61DF15C-1D2B-4FBC-8D56-CC6561710253}.Release|Any CPU.Build.0 = Release|Any CPU
		{36CCBF99-004B-4F9A-AE42-512E68104CE6}.Debug|Any CPU.ActiveCfg = Debug|Any CPU
		{36CCBF99-004B-4F9A-AE42-512E68104CE6}.Debug|Any CPU.Build.0 = Debug|Any CPU
		{36CCBF99-004B-4F9A-AE42-512E68104CE6}.Release|Any CPU.ActiveCfg = Release|Any CPU
		{36CCBF99-004B-4F9A-AE42-512E68104CE6}.Release|Any CPU.Build.0 = Release|Any CPU
		{2473525B-5FCC-4E67-ADAE-BEA19A788B8E}.Debug|Any CPU.ActiveCfg = Debug|Any CPU
		{2473525B-5FCC-4E67-ADAE-BEA19A788B8E}.Debug|Any CPU.Build.0 = Debug|Any CPU
		{2473525B-5FCC-4E67-ADAE-BEA19A788B8E}.Release|Any CPU.ActiveCfg = Release|Any CPU
		{2473525B-5FCC-4E67-ADAE-BEA19A788B8E}.Release|Any CPU.Build.0 = Release|Any CPU
		{89750F4E-548E-43EA-A31E-43A00CE63162}.Debug|Any CPU.ActiveCfg = Debug|Any CPU
		{89750F4E-548E-43EA-A31E-43A00CE63162}.Debug|Any CPU.Build.0 = Debug|Any CPU
		{89750F4E-548E-43EA-A31E-43A00CE63162}.Release|Any CPU.ActiveCfg = Release|Any CPU
		{89750F4E-548E-43EA-A31E-43A00CE63162}.Release|Any CPU.Build.0 = Release|Any CPU
		{3D1CB814-F124-4AB9-84BC-8B295C5C41EF}.Debug|Any CPU.ActiveCfg = Debug|Any CPU
		{3D1CB814-F124-4AB9-84BC-8B295C5C41EF}.Debug|Any CPU.Build.0 = Debug|Any CPU
		{3D1CB814-F124-4AB9-84BC-8B295C5C41EF}.Release|Any CPU.ActiveCfg = Release|Any CPU
		{3D1CB814-F124-4AB9-84BC-8B295C5C41EF}.Release|Any CPU.Build.0 = Release|Any CPU
		{37F90DB5-C541-4563-8DC1-63C1BCD61C87}.Debug|Any CPU.ActiveCfg = Debug|Any CPU
		{37F90DB5-C541-4563-8DC1-63C1BCD61C87}.Debug|Any CPU.Build.0 = Debug|Any CPU
		{37F90DB5-C541-4563-8DC1-63C1BCD61C87}.Release|Any CPU.ActiveCfg = Release|Any CPU
		{37F90DB5-C541-4563-8DC1-63C1BCD61C87}.Release|Any CPU.Build.0 = Release|Any CPU
	EndGlobalSection
	GlobalSection(SolutionProperties) = preSolution
		HideSolutionNode = FALSE
	EndGlobalSection
	GlobalSection(NestedProjects) = preSolution
		{E19708EF-5D66-44B0-AA7B-61E6CC878531} = {C4D35E11-BC84-4C5D-9E6D-4427CB246A80}
		{2D0D9490-59FB-4B02-86DB-99575CCA3565} = {7A44D6A3-A4F9-4C55-A637-E95F7E9FDE7E}
		{7C846827-A45C-46A5-BAA3-E80D1B72DCD1} = {7A44D6A3-A4F9-4C55-A637-E95F7E9FDE7E}
		{DFB4CFB0-2882-4857-962A-FFB87419236E} = {7A44D6A3-A4F9-4C55-A637-E95F7E9FDE7E}
		{B00586B3-42F6-4E7B-8128-554BB3D4DE2D} = {7A44D6A3-A4F9-4C55-A637-E95F7E9FDE7E}
		{A61DF15C-1D2B-4FBC-8D56-CC6561710253} = {7A44D6A3-A4F9-4C55-A637-E95F7E9FDE7E}
		{36CCBF99-004B-4F9A-AE42-512E68104CE6} = {C4D35E11-BC84-4C5D-9E6D-4427CB246A80}
		{2473525B-5FCC-4E67-ADAE-BEA19A788B8E} = {C4D35E11-BC84-4C5D-9E6D-4427CB246A80}
		{89750F4E-548E-43EA-A31E-43A00CE63162} = {95F5BD93-1827-41C0-9183-075BB754A273}
		{3D1CB814-F124-4AB9-84BC-8B295C5C41EF} = {95F5BD93-1827-41C0-9183-075BB754A273}
		{37F90DB5-C541-4563-8DC1-63C1BCD61C87} = {95F5BD93-1827-41C0-9183-075BB754A273}
	EndGlobalSection
	GlobalSection(ExtensibilityGlobals) = postSolution
		SolutionGuid = {6B1940D8-E5AD-4B08-A9CE-3978031257F5}
	EndGlobalSection
EndGlobal
